
Microsoft Visual Studio Solution File, Format Version 12.00
# Visual Studio Version 16
VisualStudioVersion = 16.0.31321.278
MinimumVisualStudioVersion = 10.0.40219.1
Project("{9A19103F-16F7-4668-BE54-9A1E7A4F7556}") = "API", "API\API.csproj", "{687D87A8-83E9-43FD-863D-016881B3CE10}"
EndProject
Project("{9A19103F-16F7-4668-BE54-9A1E7A4F7556}") = "Application", "Application\Application.csproj", "{42218232-0EF7-46E2-83D5-332750A65963}"
EndProject
Project("{9A19103F-16F7-4668-BE54-9A1E7A4F7556}") = "Domain", "Domain\Domain.csproj", "{B5D97F13-BEAF-4D4A-9EE9-FFD561A2D7A3}"
EndProject
Project("{9A19103F-16F7-4668-BE54-9A1E7A4F7556}") = "Persistence", "Persistence\Persistence.csproj", "{E6EDF7A1-4E20-4328-BC91-E153EA497A73}"
EndProject
Project("{E24C65DC-7377-472B-9ABA-BC803B73C61A}") = "client-app", "client-app\", "{6EFC44AA-7129-46A0-A363-289298371233}"
	ProjectSection(WebsiteProperties) = preProject
		TargetFrameworkMoniker = ".NETFramework,Version%3Dv4.0"
		Debug.AspNetCompiler.VirtualPath = "/localhost_52222"
		Debug.AspNetCompiler.PhysicalPath = "client-app\"
		Debug.AspNetCompiler.TargetPath = "PrecompiledWeb\localhost_52222\"
		Debug.AspNetCompiler.Updateable = "true"
		Debug.AspNetCompiler.ForceOverwrite = "true"
		Debug.AspNetCompiler.FixedNames = "false"
		Debug.AspNetCompiler.Debug = "True"
		Release.AspNetCompiler.VirtualPath = "/localhost_52222"
		Release.AspNetCompiler.PhysicalPath = "client-app\"
		Release.AspNetCompiler.TargetPath = "PrecompiledWeb\localhost_52222\"
		Release.AspNetCompiler.Updateable = "true"
		Release.AspNetCompiler.ForceOverwrite = "true"
		Release.AspNetCompiler.FixedNames = "false"
		Release.AspNetCompiler.Debug = "False"
		VWDPort = "52222"
	EndProjectSection
EndProject
Global
	GlobalSection(SolutionConfigurationPlatforms) = preSolution
		Debug|Any CPU = Debug|Any CPU
		Release|Any CPU = Release|Any CPU
	EndGlobalSection
	GlobalSection(ProjectConfigurationPlatforms) = postSolution
		{687D87A8-83E9-43FD-863D-016881B3CE10}.Debug|Any CPU.ActiveCfg = Debug|Any CPU
		{687D87A8-83E9-43FD-863D-016881B3CE10}.Debug|Any CPU.Build.0 = Debug|Any CPU
		{687D87A8-83E9-43FD-863D-016881B3CE10}.Release|Any CPU.ActiveCfg = Release|Any CPU
		{687D87A8-83E9-43FD-863D-016881B3CE10}.Release|Any CPU.Build.0 = Release|Any CPU
		{42218232-0EF7-46E2-83D5-332750A65963}.Debug|Any CPU.ActiveCfg = Debug|Any CPU
		{42218232-0EF7-46E2-83D5-332750A65963}.Debug|Any CPU.Build.0 = Debug|Any CPU
		{42218232-0EF7-46E2-83D5-332750A65963}.Release|Any CPU.ActiveCfg = Release|Any CPU
		{42218232-0EF7-46E2-83D5-332750A65963}.Release|Any CPU.Build.0 = Release|Any CPU
		{B5D97F13-BEAF-4D4A-9EE9-FFD561A2D7A3}.Debug|Any CPU.ActiveCfg = Debug|Any CPU
		{B5D97F13-BEAF-4D4A-9EE9-FFD561A2D7A3}.Debug|Any CPU.Build.0 = Debug|Any CPU
		{B5D97F13-BEAF-4D4A-9EE9-FFD561A2D7A3}.Release|Any CPU.ActiveCfg = Release|Any CPU
		{B5D97F13-BEAF-4D4A-9EE9-FFD561A2D7A3}.Release|Any CPU.Build.0 = Release|Any CPU
		{E6EDF7A1-4E20-4328-BC91-E153EA497A73}.Debug|Any CPU.ActiveCfg = Debug|Any CPU
		{E6EDF7A1-4E20-4328-BC91-E153EA497A73}.Debug|Any CPU.Build.0 = Debug|Any CPU
		{E6EDF7A1-4E20-4328-BC91-E153EA497A73}.Release|Any CPU.ActiveCfg = Release|Any CPU
		{E6EDF7A1-4E20-4328-BC91-E153EA497A73}.Release|Any CPU.Build.0 = Release|Any CPU
		{6EFC44AA-7129-46A0-A363-289298371233}.Debug|Any CPU.ActiveCfg = Debug|Any CPU
		{6EFC44AA-7129-46A0-A363-289298371233}.Debug|Any CPU.Build.0 = Debug|Any CPU
		{6EFC44AA-7129-46A0-A363-289298371233}.Release|Any CPU.ActiveCfg = Debug|Any CPU
		{6EFC44AA-7129-46A0-A363-289298371233}.Release|Any CPU.Build.0 = Debug|Any CPU
	EndGlobalSection
	GlobalSection(SolutionProperties) = preSolution
		HideSolutionNode = FALSE
	EndGlobalSection
	GlobalSection(ExtensibilityGlobals) = postSolution
		SolutionGuid = {0C79CCBE-DCB1-453D-9049-A14EABA5F18A}
	EndGlobalSection
EndGlobal
